
Microsoft Visual Studio Solution File, Format Version 12.00
# Visual Studio Version 17
VisualStudioVersion = 17.6.33712.159
MinimumVisualStudioVersion = 10.0.40219.1
Project("{9A19103F-16F7-4668-BE54-9A1E7A4F7556}") = "TeamServer", "TeamServer\TeamServer.csproj", "{9E3837B8-BE1B-4495-8340-F2B03D03CCC3}"
EndProject
Project("{9A19103F-16F7-4668-BE54-9A1E7A4F7556}") = "ApiModels", "ApiModels\ApiModels.csproj", "{29F69E28-B635-4C45-B582-6CA4A8E894FB}"
EndProject
Project("{FAE04EC0-301F-11D3-BF4B-00C04F79EFBC}") = "Agent", "Agent\Agent.csproj", "{B298F4E1-8FCC-426B-A422-C51719FCBE1A}"
EndProject
Global
	GlobalSection(SolutionConfigurationPlatforms) = preSolution
		Debug|Any CPU = Debug|Any CPU
		Release|Any CPU = Release|Any CPU
	EndGlobalSection
	GlobalSection(ProjectConfigurationPlatforms) = postSolution
		{9E3837B8-BE1B-4495-8340-F2B03D03CCC3}.Debug|Any CPU.ActiveCfg = Debug|Any CPU
		{9E3837B8-BE1B-4495-8340-F2B03D03CCC3}.Debug|Any CPU.Build.0 = Debug|Any CPU
		{9E3837B8-BE1B-4495-8340-F2B03D03CCC3}.Release|Any CPU.ActiveCfg = Release|Any CPU
		{9E3837B8-BE1B-4495-8340-F2B03D03CCC3}.Release|Any CPU.Build.0 = Release|Any CPU
		{29F69E28-B635-4C45-B582-6CA4A8E894FB}.Debug|Any CPU.ActiveCfg = Debug|Any CPU
		{29F69E28-B635-4C45-B582-6CA4A8E894FB}.Debug|Any CPU.Build.0 = Debug|Any CPU
		{29F69E28-B635-4C45-B582-6CA4A8E894FB}.Release|Any CPU.ActiveCfg = Release|Any CPU
		{29F69E28-B635-4C45-B582-6CA4A8E894FB}.Release|Any CPU.Build.0 = Release|Any CPU
		{B298F4E1-8FCC-426B-A422-C51719FCBE1A}.Debug|Any CPU.ActiveCfg = Debug|Any CPU
		{B298F4E1-8FCC-426B-A422-C51719FCBE1A}.Debug|Any CPU.Build.0 = Debug|Any CPU
		{B298F4E1-8FCC-426B-A422-C51719FCBE1A}.Release|Any CPU.ActiveCfg = Release|Any CPU
		{B298F4E1-8FCC-426B-A422-C51719FCBE1A}.Release|Any CPU.Build.0 = Release|Any CPU
	EndGlobalSection
	GlobalSection(SolutionProperties) = preSolution
		HideSolutionNode = FALSE
	EndGlobalSection
	GlobalSection(ExtensibilityGlobals) = postSolution
		SolutionGuid = {19F6DA85-60EF-4DF5-B502-B2F14B4D35E8}
	EndGlobalSection
EndGlobal
